
Microsoft Visual Studio Solution File, Format Version 12.00
# Visual Studio 14
VisualStudioVersion = 14.0.25420.1
MinimumVisualStudioVersion = 10.0.40219.1
Project("{F184B08F-C81C-45F6-A57F-5ABD9991F28F}") = "Tugas6", "Tugas6\Tugas6.vbproj", "{42E900D8-F8EA-46B2-A80C-C08A9551EF40}"
EndProject
Global
	GlobalSection(SolutionConfigurationPlatforms) = preSolution
		Debug|Any CPU = Debug|Any CPU
		Release|Any CPU = Release|Any CPU
	EndGlobalSection
	GlobalSection(ProjectConfigurationPlatforms) = postSolution
		{42E900D8-F8EA-46B2-A80C-C08A9551EF40}.Debug|Any CPU.ActiveCfg = Debug|Any CPU
		{42E900D8-F8EA-46B2-A80C-C08A9551EF40}.Debug|Any CPU.Build.0 = Debug|Any CPU
		{42E900D8-F8EA-46B2-A80C-C08A9551EF40}.Release|Any CPU.ActiveCfg = Release|Any CPU
		{42E900D8-F8EA-46B2-A80C-C08A9551EF40}.Release|Any CPU.Build.0 = Release|Any CPU
	EndGlobalSection
	GlobalSection(SolutionProperties) = preSolution
		HideSolutionNode = FALSE
	EndGlobalSection
EndGlobal
